// !$*UTF8*$!
{
	archiveVersion = 1;
	classes = {
	};
	objectVersion = 48;
	objects = {

/* Begin PBXBuildFile section */
		116D53F4205F927F001841AA /* AppDelegate.m in Sources */ = {isa = PBXBuildFile; fileRef = 116D53F3205F927F001841AA /* AppDelegate.m */; };
		116D53F7205F927F001841AA /* ViewController.m in Sources */ = {isa = PBXBuildFile; fileRef = 116D53F6205F927F001841AA /* ViewController.m */; };
		116D53FA205F927F001841AA /* Main.storyboard in Resources */ = {isa = PBXBuildFile; fileRef = 116D53F8205F927F001841AA /* Main.storyboard */; };
		116D53FC205F927F001841AA /* Assets.xcassets in Resources */ = {isa = PBXBuildFile; fileRef = 116D53FB205F927F001841AA /* Assets.xcassets */; };
		116D53FF205F927F001841AA /* LaunchScreen.storyboard in Resources */ = {isa = PBXBuildFile; fileRef = 116D53FD205F927F001841AA /* LaunchScreen.storyboard */; };
		116D5402205F927F001841AA /* main.m in Sources */ = {isa = PBXBuildFile; fileRef = 116D5401205F927F001841AA /* main.m */; };
		116D540C205F927F001841AA /* xxPlayerTests.m in Sources */ = {isa = PBXBuildFile; fileRef = 116D540B205F927F001841AA /* xxPlayerTests.m */; };
		116D5417205F927F001841AA /* xxPlayerUITests.m in Sources */ = {isa = PBXBuildFile; fileRef = 116D5416205F927F001841AA /* xxPlayerUITests.m */; };
		116D5450205F93CA001841AA /* HTTPConnection.m in Sources */ = {isa = PBXBuildFile; fileRef = 116D542A205F93C9001841AA /* HTTPConnection.m */; };
		116D5451205F93CA001841AA /* HTTPMessage.m in Sources */ = {isa = PBXBuildFile; fileRef = 116D542B205F93C9001841AA /* HTTPMessage.m */; };
		116D5452205F93CA001841AA /* WebSocket.m in Sources */ = {isa = PBXBuildFile; fileRef = 116D542C205F93C9001841AA /* WebSocket.m */; };
		116D5453205F93CA001841AA /* MultipartMessageHeaderField.m in Sources */ = {isa = PBXBuildFile; fileRef = 116D5430205F93C9001841AA /* MultipartMessageHeaderField.m */; };
		116D5454205F93CA001841AA /* MultipartFormDataParser.m in Sources */ = {isa = PBXBuildFile; fileRef = 116D5431205F93C9001841AA /* MultipartFormDataParser.m */; };
		116D5455205F93CA001841AA /* MultipartMessageHeader.m in Sources */ = {isa = PBXBuildFile; fileRef = 116D5432205F93C9001841AA /* MultipartMessageHeader.m */; };
		116D5456205F93CA001841AA /* DDNumber.m in Sources */ = {isa = PBXBuildFile; fileRef = 116D5437205F93C9001841AA /* DDNumber.m */; };
		116D5457205F93CA001841AA /* DDData.m in Sources */ = {isa = PBXBuildFile; fileRef = 116D5438205F93C9001841AA /* DDData.m */; };
		116D5458205F93CA001841AA /* DDRange.m in Sources */ = {isa = PBXBuildFile; fileRef = 116D543B205F93C9001841AA /* DDRange.m */; };
		116D5459205F93CA001841AA /* HTTPErrorResponse.m in Sources */ = {isa = PBXBuildFile; fileRef = 116D5441205F93C9001841AA /* HTTPErrorResponse.m */; };
		116D545A205F93CA001841AA /* HTTPDataResponse.m in Sources */ = {isa = PBXBuildFile; fileRef = 116D5442205F93C9001841AA /* HTTPDataResponse.m */; };
		116D545B205F93CA001841AA /* HTTPDynamicFileResponse.m in Sources */ = {isa = PBXBuildFile; fileRef = 116D5444205F93C9001841AA /* HTTPDynamicFileResponse.m */; };
		116D545C205F93CA001841AA /* HTTPFileResponse.m in Sources */ = {isa = PBXBuildFile; fileRef = 116D5445205F93C9001841AA /* HTTPFileResponse.m */; };
		116D545D205F93CA001841AA /* HTTPAsyncFileResponse.m in Sources */ = {isa = PBXBuildFile; fileRef = 116D5446205F93C9001841AA /* HTTPAsyncFileResponse.m */; };
		116D545E205F93CA001841AA /* HTTPRedirectResponse.m in Sources */ = {isa = PBXBuildFile; fileRef = 116D5447205F93C9001841AA /* HTTPRedirectResponse.m */; };
		116D545F205F93CA001841AA /* HTTPServer.m in Sources */ = {isa = PBXBuildFile; fileRef = 116D544C205F93CA001841AA /* HTTPServer.m */; };
		116D5460205F93CA001841AA /* HTTPAuthenticationRequest.m in Sources */ = {isa = PBXBuildFile; fileRef = 116D544F205F93CA001841AA /* HTTPAuthenticationRequest.m */; };
		116D5477205F93D9001841AA /* GCDAsyncSocket.m in Sources */ = {isa = PBXBuildFile; fileRef = 116D5462205F93D9001841AA /* GCDAsyncSocket.m */; };
		116D5478205F93D9001841AA /* About.txt in Resources */ = {isa = PBXBuildFile; fileRef = 116D5463205F93D9001841AA /* About.txt */; };
		116D5479205F93D9001841AA /* DDTTYLogger.m in Sources */ = {isa = PBXBuildFile; fileRef = 116D5466205F93D9001841AA /* DDTTYLogger.m */; };
		116D547A205F93D9001841AA /* DDASLLogger.m in Sources */ = {isa = PBXBuildFile; fileRef = 116D5469205F93D9001841AA /* DDASLLogger.m */; };
		116D547B205F93D9001841AA /* ContextFilterLogFormatter.m in Sources */ = {isa = PBXBuildFile; fileRef = 116D546E205F93D9001841AA /* ContextFilterLogFormatter.m */; };
		116D547C205F93D9001841AA /* DispatchQueueLogFormatter.m in Sources */ = {isa = PBXBuildFile; fileRef = 116D546F205F93D9001841AA /* DispatchQueueLogFormatter.m */; };
		116D547D205F93D9001841AA /* README.txt in Resources */ = {isa = PBXBuildFile; fileRef = 116D5470205F93D9001841AA /* README.txt */; };
		116D547E205F93D9001841AA /* DDLog.m in Sources */ = {isa = PBXBuildFile; fileRef = 116D5471205F93D9001841AA /* DDLog.m */; };
		116D547F205F93D9001841AA /* About.txt in Resources */ = {isa = PBXBuildFile; fileRef = 116D5472205F93D9001841AA /* About.txt */; };
		116D5480205F93D9001841AA /* DDAbstractDatabaseLogger.m in Sources */ = {isa = PBXBuildFile; fileRef = 116D5474205F93D9001841AA /* DDAbstractDatabaseLogger.m */; };
		116D5481205F93D9001841AA /* DDFileLogger.m in Sources */ = {isa = PBXBuildFile; fileRef = 116D5475205F93D9001841AA /* DDFileLogger.m */; };
		116D548B205F996F001841AA /* MyHttpServer.m in Sources */ = {isa = PBXBuildFile; fileRef = 116D548A205F996F001841AA /* MyHttpServer.m */; };
		116D548E205FA76F001841AA /* web in Resources */ = {isa = PBXBuildFile; fileRef = 116D548D205FA76F001841AA /* web */; };
/* End PBXBuildFile section */

/* Begin PBXContainerItemProxy section */
		116D5408205F927F001841AA /* PBXContainerItemProxy */ = {
			isa = PBXContainerItemProxy;
			containerPortal = 116D53E7205F927F001841AA /* Project object */;
			proxyType = 1;
			remoteGlobalIDString = 116D53EE205F927F001841AA;
			remoteInfo = xxPlayer;
		};
		116D5413205F927F001841AA /* PBXContainerItemProxy */ = {
			isa = PBXContainerItemProxy;
			containerPortal = 116D53E7205F927F001841AA /* Project object */;
			proxyType = 1;
			remoteGlobalIDString = 116D53EE205F927F001841AA;
			remoteInfo = xxPlayer;
		};
/* End PBXContainerItemProxy section */

/* Begin PBXFileReference section */
		116D53EF205F927F001841AA /* xxPlayer.app */ = {isa = PBXFileReference; explicitFileType = wrapper.application; includeInIndex = 0; path = xxPlayer.app; sourceTree = BUILT_PRODUCTS_DIR; };
		116D53F2205F927F001841AA /* AppDelegate.h */ = {isa = PBXFileReference; lastKnownFileType = sourcecode.c.h; path = AppDelegate.h; sourceTree = "<group>"; };
		116D53F3205F927F001841AA /* AppDelegate.m */ = {isa = PBXFileReference; lastKnownFileType = sourcecode.c.objc; path = AppDelegate.m; sourceTree = "<group>"; };
		116D53F5205F927F001841AA /* ViewController.h */ = {isa = PBXFileReference; lastKnownFileType = sourcecode.c.h; path = ViewController.h; sourceTree = "<group>"; };
		116D53F6205F927F001841AA /* ViewController.m */ = {isa = PBXFileReference; lastKnownFileType = sourcecode.c.objc; path = ViewController.m; sourceTree = "<group>"; };
		116D53F9205F927F001841AA /* Base */ = {isa = PBXFileReference; lastKnownFileType = file.storyboard; name = Base; path = Base.lproj/Main.storyboard; sourceTree = "<group>"; };
		116D53FB205F927F001841AA /* Assets.xcassets */ = {isa = PBXFileReference; lastKnownFileType = folder.assetcatalog; path = Assets.xcassets; sourceTree = "<group>"; };
		116D53FE205F927F001841AA /* Base */ = {isa = PBXFileReference; lastKnownFileType = file.storyboard; name = Base; path = Base.lproj/LaunchScreen.storyboard; sourceTree = "<group>"; };
		116D5400205F927F001841AA /* Info.plist */ = {isa = PBXFileReference; lastKnownFileType = text.plist.xml; path = Info.plist; sourceTree = "<group>"; };
		116D5401205F927F001841AA /* main.m */ = {isa = PBXFileReference; lastKnownFileType = sourcecode.c.objc; path = main.m; sourceTree = "<group>"; };
		116D5407205F927F001841AA /* xxPlayerTests.xctest */ = {isa = PBXFileReference; explicitFileType = wrapper.cfbundle; includeInIndex = 0; path = xxPlayerTests.xctest; sourceTree = BUILT_PRODUCTS_DIR; };
		116D540B205F927F001841AA /* xxPlayerTests.m */ = {isa = PBXFileReference; lastKnownFileType = sourcecode.c.objc; path = xxPlayerTests.m; sourceTree = "<group>"; };
		116D540D205F927F001841AA /* Info.plist */ = {isa = PBXFileReference; lastKnownFileType = text.plist.xml; path = Info.plist; sourceTree = "<group>"; };
		116D5412205F927F001841AA /* xxPlayerUITests.xctest */ = {isa = PBXFileReference; explicitFileType = wrapper.cfbundle; includeInIndex = 0; path = xxPlayerUITests.xctest; sourceTree = BUILT_PRODUCTS_DIR; };
		116D5416205F927F001841AA /* xxPlayerUITests.m */ = {isa = PBXFileReference; lastKnownFileType = sourcecode.c.objc; path = xxPlayerUITests.m; sourceTree = "<group>"; };
		116D5418205F927F001841AA /* Info.plist */ = {isa = PBXFileReference; lastKnownFileType = text.plist.xml; path = Info.plist; sourceTree = "<group>"; };
		116D5429205F93C9001841AA /* HTTPConnection.h */ = {isa = PBXFileReference; fileEncoding = 4; lastKnownFileType = sourcecode.c.h; path = HTTPConnection.h; sourceTree = "<group>"; };
		116D542A205F93C9001841AA /* HTTPConnection.m */ = {isa = PBXFileReference; fileEncoding = 4; lastKnownFileType = sourcecode.c.objc; path = HTTPConnection.m; sourceTree = "<group>"; };
		116D542B205F93C9001841AA /* HTTPMessage.m */ = {isa = PBXFileReference; fileEncoding = 4; lastKnownFileType = sourcecode.c.objc; path = HTTPMessage.m; sourceTree = "<group>"; };
		116D542C205F93C9001841AA /* WebSocket.m */ = {isa = PBXFileReference; fileEncoding = 4; lastKnownFileType = sourcecode.c.objc; path = WebSocket.m; sourceTree = "<group>"; };
		116D542E205F93C9001841AA /* MultipartFormDataParser.h */ = {isa = PBXFileReference; fileEncoding = 4; lastKnownFileType = sourcecode.c.h; path = MultipartFormDataParser.h; sourceTree = "<group>"; };
		116D542F205F93C9001841AA /* MultipartMessageHeader.h */ = {isa = PBXFileReference; fileEncoding = 4; lastKnownFileType = sourcecode.c.h; path = MultipartMessageHeader.h; sourceTree = "<group>"; };
		116D5430205F93C9001841AA /* MultipartMessageHeaderField.m */ = {isa = PBXFileReference; fileEncoding = 4; lastKnownFileType = sourcecode.c.objc; path = MultipartMessageHeaderField.m; sourceTree = "<group>"; };
		116D5431205F93C9001841AA /* MultipartFormDataParser.m */ = {isa = PBXFileReference; fileEncoding = 4; lastKnownFileType = sourcecode.c.objc; path = MultipartFormDataParser.m; sourceTree = "<group>"; };
		116D5432205F93C9001841AA /* MultipartMessageHeader.m */ = {isa = PBXFileReference; fileEncoding = 4; lastKnownFileType = sourcecode.c.objc; path = MultipartMessageHeader.m; sourceTree = "<group>"; };
		116D5433205F93C9001841AA /* MultipartMessageHeaderField.h */ = {isa = PBXFileReference; fileEncoding = 4; lastKnownFileType = sourcecode.c.h; path = MultipartMessageHeaderField.h; sourceTree = "<group>"; };
		116D5434205F93C9001841AA /* HTTPResponse.h */ = {isa = PBXFileReference; fileEncoding = 4; lastKnownFileType = sourcecode.c.h; path = HTTPResponse.h; sourceTree = "<group>"; };
		116D5435205F93C9001841AA /* HTTPServer.h */ = {isa = PBXFileReference; fileEncoding = 4; lastKnownFileType = sourcecode.c.h; path = HTTPServer.h; sourceTree = "<group>"; };
		116D5437205F93C9001841AA /* DDNumber.m */ = {isa = PBXFileReference; fileEncoding = 4; lastKnownFileType = sourcecode.c.objc; path = DDNumber.m; sourceTree = "<group>"; };
		116D5438205F93C9001841AA /* DDData.m */ = {isa = PBXFileReference; fileEncoding = 4; lastKnownFileType = sourcecode.c.objc; path = DDData.m; sourceTree = "<group>"; };
		116D5439205F93C9001841AA /* DDRange.h */ = {isa = PBXFileReference; fileEncoding = 4; lastKnownFileType = sourcecode.c.h; path = DDRange.h; sourceTree = "<group>"; };
		116D543A205F93C9001841AA /* DDNumber.h */ = {isa = PBXFileReference; fileEncoding = 4; lastKnownFileType = sourcecode.c.h; path = DDNumber.h; sourceTree = "<group>"; };
		116D543B205F93C9001841AA /* DDRange.m */ = {isa = PBXFileReference; fileEncoding = 4; lastKnownFileType = sourcecode.c.objc; path = DDRange.m; sourceTree = "<group>"; };
		116D543C205F93C9001841AA /* DDData.h */ = {isa = PBXFileReference; fileEncoding = 4; lastKnownFileType = sourcecode.c.h; path = DDData.h; sourceTree = "<group>"; };
		116D543D205F93C9001841AA /* HTTPAuthenticationRequest.h */ = {isa = PBXFileReference; fileEncoding = 4; lastKnownFileType = sourcecode.c.h; path = HTTPAuthenticationRequest.h; sourceTree = "<group>"; };
		116D543E205F93C9001841AA /* HTTPLogging.h */ = {isa = PBXFileReference; fileEncoding = 4; lastKnownFileType = sourcecode.c.h; path = HTTPLogging.h; sourceTree = "<group>"; };
		116D5440205F93C9001841AA /* HTTPAsyncFileResponse.h */ = {isa = PBXFileReference; fileEncoding = 4; lastKnownFileType = sourcecode.c.h; path = HTTPAsyncFileResponse.h; sourceTree = "<group>"; };
		116D5441205F93C9001841AA /* HTTPErrorResponse.m */ = {isa = PBXFileReference; fileEncoding = 4; lastKnownFileType = sourcecode.c.objc; path = HTTPErrorResponse.m; sourceTree = "<group>"; };
		116D5442205F93C9001841AA /* HTTPDataResponse.m */ = {isa = PBXFileReference; fileEncoding = 4; lastKnownFileType = sourcecode.c.objc; path = HTTPDataResponse.m; sourceTree = "<group>"; };
		116D5443205F93C9001841AA /* HTTPRedirectResponse.h */ = {isa = PBXFileReference; fileEncoding = 4; lastKnownFileType = sourcecode.c.h; path = HTTPRedirectResponse.h; sourceTree = "<group>"; };
		116D5444205F93C9001841AA /* HTTPDynamicFileResponse.m */ = {isa = PBXFileReference; fileEncoding = 4; lastKnownFileType = sourcecode.c.objc; path = HTTPDynamicFileResponse.m; sourceTree = "<group>"; };
		116D5445205F93C9001841AA /* HTTPFileResponse.m */ = {isa = PBXFileReference; fileEncoding = 4; lastKnownFileType = sourcecode.c.objc; path = HTTPFileResponse.m; sourceTree = "<group>"; };
		116D5446205F93C9001841AA /* HTTPAsyncFileResponse.m */ = {isa = PBXFileReference; fileEncoding = 4; lastKnownFileType = sourcecode.c.objc; path = HTTPAsyncFileResponse.m; sourceTree = "<group>"; };
		116D5447205F93C9001841AA /* HTTPRedirectResponse.m */ = {isa = PBXFileReference; fileEncoding = 4; lastKnownFileType = sourcecode.c.objc; path = HTTPRedirectResponse.m; sourceTree = "<group>"; };
		116D5448205F93C9001841AA /* HTTPDataResponse.h */ = {isa = PBXFileReference; fileEncoding = 4; lastKnownFileType = sourcecode.c.h; path = HTTPDataResponse.h; sourceTree = "<group>"; };
		116D5449205F93C9001841AA /* HTTPErrorResponse.h */ = {isa = PBXFileReference; fileEncoding = 4; lastKnownFileType = sourcecode.c.h; path = HTTPErrorResponse.h; sourceTree = "<group>"; };
		116D544A205F93C9001841AA /* HTTPFileResponse.h */ = {isa = PBXFileReference; fileEncoding = 4; lastKnownFileType = sourcecode.c.h; path = HTTPFileResponse.h; sourceTree = "<group>"; };
		116D544B205F93C9001841AA /* HTTPDynamicFileResponse.h */ = {isa = PBXFileReference; fileEncoding = 4; lastKnownFileType = sourcecode.c.h; path = HTTPDynamicFileResponse.h; sourceTree = "<group>"; };
		116D544C205F93CA001841AA /* HTTPServer.m */ = {isa = PBXFileReference; fileEncoding = 4; lastKnownFileType = sourcecode.c.objc; path = HTTPServer.m; sourceTree = "<group>"; };
		116D544D205F93CA001841AA /* WebSocket.h */ = {isa = PBXFileReference; fileEncoding = 4; lastKnownFileType = sourcecode.c.h; path = WebSocket.h; sourceTree = "<group>"; };
		116D544E205F93CA001841AA /* HTTPMessage.h */ = {isa = PBXFileReference; fileEncoding = 4; lastKnownFileType = sourcecode.c.h; path = HTTPMessage.h; sourceTree = "<group>"; };
		116D544F205F93CA001841AA /* HTTPAuthenticationRequest.m */ = {isa = PBXFileReference; fileEncoding = 4; lastKnownFileType = sourcecode.c.objc; path = HTTPAuthenticationRequest.m; sourceTree = "<group>"; };
		116D5462205F93D9001841AA /* GCDAsyncSocket.m */ = {isa = PBXFileReference; fileEncoding = 4; lastKnownFileType = sourcecode.c.objc; path = GCDAsyncSocket.m; sourceTree = "<group>"; };
		116D5463205F93D9001841AA /* About.txt */ = {isa = PBXFileReference; fileEncoding = 4; lastKnownFileType = text; path = About.txt; sourceTree = "<group>"; };
		116D5464205F93D9001841AA /* GCDAsyncSocket.h */ = {isa = PBXFileReference; fileEncoding = 4; lastKnownFileType = sourcecode.c.h; path = GCDAsyncSocket.h; sourceTree = "<group>"; };
		116D5466205F93D9001841AA /* DDTTYLogger.m */ = {isa = PBXFileReference; fileEncoding = 4; lastKnownFileType = sourcecode.c.objc; path = DDTTYLogger.m; sourceTree = "<group>"; };
		116D5467205F93D9001841AA /* DDLog.h */ = {isa = PBXFileReference; fileEncoding = 4; lastKnownFileType = sourcecode.c.h; path = DDLog.h; sourceTree = "<group>"; };
		116D5468205F93D9001841AA /* DDAbstractDatabaseLogger.h */ = {isa = PBXFileReference; fileEncoding = 4; lastKnownFileType = sourcecode.c.h; path = DDAbstractDatabaseLogger.h; sourceTree = "<group>"; };
		116D5469205F93D9001841AA /* DDASLLogger.m */ = {isa = PBXFileReference; fileEncoding = 4; lastKnownFileType = sourcecode.c.objc; path = DDASLLogger.m; sourceTree = "<group>"; };
		116D546A205F93D9001841AA /* DDFileLogger.h */ = {isa = PBXFileReference; fileEncoding = 4; lastKnownFileType = sourcecode.c.h; path = DDFileLogger.h; sourceTree = "<group>"; };
		116D546C205F93D9001841AA /* ContextFilterLogFormatter.h */ = {isa = PBXFileReference; fileEncoding = 4; lastKnownFileType = sourcecode.c.h; path = ContextFilterLogFormatter.h; sourceTree = "<group>"; };
		116D546D205F93D9001841AA /* DispatchQueueLogFormatter.h */ = {isa = PBXFileReference; fileEncoding = 4; lastKnownFileType = sourcecode.c.h; path = DispatchQueueLogFormatter.h; sourceTree = "<group>"; };
		116D546E205F93D9001841AA /* ContextFilterLogFormatter.m */ = {isa = PBXFileReference; fileEncoding = 4; lastKnownFileType = sourcecode.c.objc; path = ContextFilterLogFormatter.m; sourceTree = "<group>"; };
		116D546F205F93D9001841AA /* DispatchQueueLogFormatter.m */ = {isa = PBXFileReference; fileEncoding = 4; lastKnownFileType = sourcecode.c.objc; path = DispatchQueueLogFormatter.m; sourceTree = "<group>"; };
		116D5470205F93D9001841AA /* README.txt */ = {isa = PBXFileReference; fileEncoding = 4; lastKnownFileType = text; path = README.txt; sourceTree = "<group>"; };
		116D5471205F93D9001841AA /* DDLog.m */ = {isa = PBXFileReference; fileEncoding = 4; lastKnownFileType = sourcecode.c.objc; path = DDLog.m; sourceTree = "<group>"; };
		116D5472205F93D9001841AA /* About.txt */ = {isa = PBXFileReference; fileEncoding = 4; lastKnownFileType = text; path = About.txt; sourceTree = "<group>"; };
		116D5473205F93D9001841AA /* DDTTYLogger.h */ = {isa = PBXFileReference; fileEncoding = 4; lastKnownFileType = sourcecode.c.h; path = DDTTYLogger.h; sourceTree = "<group>"; };
		116D5474205F93D9001841AA /* DDAbstractDatabaseLogger.m */ = {isa = PBXFileReference; fileEncoding = 4; lastKnownFileType = sourcecode.c.objc; path = DDAbstractDatabaseLogger.m; sourceTree = "<group>"; };
		116D5475205F93D9001841AA /* DDFileLogger.m */ = {isa = PBXFileReference; fileEncoding = 4; lastKnownFileType = sourcecode.c.objc; path = DDFileLogger.m; sourceTree = "<group>"; };
		116D5476205F93D9001841AA /* DDASLLogger.h */ = {isa = PBXFileReference; fileEncoding = 4; lastKnownFileType = sourcecode.c.h; path = DDASLLogger.h; sourceTree = "<group>"; };
		116D5489205F996F001841AA /* MyHttpServer.h */ = {isa = PBXFileReference; lastKnownFileType = sourcecode.c.h; path = MyHttpServer.h; sourceTree = "<group>"; };
		116D548A205F996F001841AA /* MyHttpServer.m */ = {isa = PBXFileReference; lastKnownFileType = sourcecode.c.objc; path = MyHttpServer.m; sourceTree = "<group>"; };
		116D548D205FA76F001841AA /* web */ = {isa = PBXFileReference; lastKnownFileType = folder; path = web; sourceTree = "<group>"; };
/* End PBXFileReference section */

/* Begin PBXFrameworksBuildPhase section */
		116D53EC205F927F001841AA /* Frameworks */ = {
			isa = PBXFrameworksBuildPhase;
			buildActionMask = 2147483647;
			files = (
			);
			runOnlyForDeploymentPostprocessing = 0;
		};
		116D5404205F927F001841AA /* Frameworks */ = {
			isa = PBXFrameworksBuildPhase;
			buildActionMask = 2147483647;
			files = (
			);
			runOnlyForDeploymentPostprocessing = 0;
		};
		116D540F205F927F001841AA /* Frameworks */ = {
			isa = PBXFrameworksBuildPhase;
			buildActionMask = 2147483647;
			files = (
			);
			runOnlyForDeploymentPostprocessing = 0;
		};
/* End PBXFrameworksBuildPhase section */

/* Begin PBXGroup section */
		116D53E6205F927F001841AA = {
			isa = PBXGroup;
			children = (
				116D53F1205F927F001841AA /* xxPlayer */,
				116D540A205F927F001841AA /* xxPlayerTests */,
				116D5415205F927F001841AA /* xxPlayerUITests */,
				116D53F0205F927F001841AA /* Products */,
			);
			sourceTree = "<group>";
		};
		116D53F0205F927F001841AA /* Products */ = {
			isa = PBXGroup;
			children = (
				116D53EF205F927F001841AA /* xxPlayer.app */,
				116D5407205F927F001841AA /* xxPlayerTests.xctest */,
				116D5412205F927F001841AA /* xxPlayerUITests.xctest */,
			);
			name = Products;
			sourceTree = "<group>";
		};
		116D53F1205F927F001841AA /* xxPlayer */ = {
			isa = PBXGroup;
			children = (
				116D53F2205F927F001841AA /* AppDelegate.h */,
				116D53F3205F927F001841AA /* AppDelegate.m */,
				116D5488205F9502001841AA /* View */,
				116D5487205F94FC001841AA /* Model */,
				116D5486205F94EF001841AA /* ViewController */,
				116D5424205F92FE001841AA /* CocoaHttpServer */,
				116D548C205FA28E001841AA /* Supporting Files */,
			);
			path = xxPlayer;
			sourceTree = "<group>";
		};
		116D540A205F927F001841AA /* xxPlayerTests */ = {
			isa = PBXGroup;
			children = (
				116D540B205F927F001841AA /* xxPlayerTests.m */,
				116D540D205F927F001841AA /* Info.plist */,
			);
			path = xxPlayerTests;
			sourceTree = "<group>";
		};
		116D5415205F927F001841AA /* xxPlayerUITests */ = {
			isa = PBXGroup;
			children = (
				116D5416205F927F001841AA /* xxPlayerUITests.m */,
				116D5418205F927F001841AA /* Info.plist */,
			);
			path = xxPlayerUITests;
			sourceTree = "<group>";
		};
		116D5424205F92FE001841AA /* CocoaHttpServer */ = {
			isa = PBXGroup;
			children = (
				116D548D205FA76F001841AA /* web */,
				116D5427205F9354001841AA /* Custom */,
				116D5426205F9348001841AA /* Vendor */,
				116D5425205F933E001841AA /* Core */,
			);
			path = CocoaHttpServer;
			sourceTree = "<group>";
		};
		116D5425205F933E001841AA /* Core */ = {
			isa = PBXGroup;
			children = (
				116D5436205F93C9001841AA /* Categories */,
				116D543D205F93C9001841AA /* HTTPAuthenticationRequest.h */,
				116D544F205F93CA001841AA /* HTTPAuthenticationRequest.m */,
				116D5429205F93C9001841AA /* HTTPConnection.h */,
				116D542A205F93C9001841AA /* HTTPConnection.m */,
				116D543E205F93C9001841AA /* HTTPLogging.h */,
				116D544E205F93CA001841AA /* HTTPMessage.h */,
				116D542B205F93C9001841AA /* HTTPMessage.m */,
				116D5434205F93C9001841AA /* HTTPResponse.h */,
				116D5435205F93C9001841AA /* HTTPServer.h */,
				116D544C205F93CA001841AA /* HTTPServer.m */,
				116D542D205F93C9001841AA /* Mime */,
				116D543F205F93C9001841AA /* Responses */,
				116D544D205F93CA001841AA /* WebSocket.h */,
				116D542C205F93C9001841AA /* WebSocket.m */,
			);
			path = Core;
			sourceTree = "<group>";
		};
		116D5426205F9348001841AA /* Vendor */ = {
			isa = PBXGroup;
			children = (
				116D5461205F93D9001841AA /* CocoaAsyncSocket */,
				116D5465205F93D9001841AA /* CocoaLumberjack */,
			);
			path = Vendor;
			sourceTree = "<group>";
		};
		116D5427205F9354001841AA /* Custom */ = {
			isa = PBXGroup;
			children = (
				116D5489205F996F001841AA /* MyHttpServer.h */,
				116D548A205F996F001841AA /* MyHttpServer.m */,
			);
			path = Custom;
			sourceTree = "<group>";
		};
		116D542D205F93C9001841AA /* Mime */ = {
			isa = PBXGroup;
			children = (
				116D542E205F93C9001841AA /* MultipartFormDataParser.h */,
				116D542F205F93C9001841AA /* MultipartMessageHeader.h */,
				116D5430205F93C9001841AA /* MultipartMessageHeaderField.m */,
				116D5431205F93C9001841AA /* MultipartFormDataParser.m */,
				116D5432205F93C9001841AA /* MultipartMessageHeader.m */,
				116D5433205F93C9001841AA /* MultipartMessageHeaderField.h */,
			);
			path = Mime;
			sourceTree = "<group>";
		};
		116D5436205F93C9001841AA /* Categories */ = {
			isa = PBXGroup;
			children = (
				116D5437205F93C9001841AA /* DDNumber.m */,
				116D5438205F93C9001841AA /* DDData.m */,
				116D5439205F93C9001841AA /* DDRange.h */,
				116D543A205F93C9001841AA /* DDNumber.h */,
				116D543B205F93C9001841AA /* DDRange.m */,
				116D543C205F93C9001841AA /* DDData.h */,
			);
			path = Categories;
			sourceTree = "<group>";
		};
		116D543F205F93C9001841AA /* Responses */ = {
			isa = PBXGroup;
			children = (
				116D5440205F93C9001841AA /* HTTPAsyncFileResponse.h */,
				116D5441205F93C9001841AA /* HTTPErrorResponse.m */,
				116D5442205F93C9001841AA /* HTTPDataResponse.m */,
				116D5443205F93C9001841AA /* HTTPRedirectResponse.h */,
				116D5444205F93C9001841AA /* HTTPDynamicFileResponse.m */,
				116D5445205F93C9001841AA /* HTTPFileResponse.m */,
				116D5446205F93C9001841AA /* HTTPAsyncFileResponse.m */,
				116D5447205F93C9001841AA /* HTTPRedirectResponse.m */,
				116D5448205F93C9001841AA /* HTTPDataResponse.h */,
				116D5449205F93C9001841AA /* HTTPErrorResponse.h */,
				116D544A205F93C9001841AA /* HTTPFileResponse.h */,
				116D544B205F93C9001841AA /* HTTPDynamicFileResponse.h */,
			);
			path = Responses;
			sourceTree = "<group>";
		};
		116D5461205F93D9001841AA /* CocoaAsyncSocket */ = {
			isa = PBXGroup;
			children = (
				116D5462205F93D9001841AA /* GCDAsyncSocket.m */,
				116D5463205F93D9001841AA /* About.txt */,
				116D5464205F93D9001841AA /* GCDAsyncSocket.h */,
			);
			path = CocoaAsyncSocket;
			sourceTree = "<group>";
		};
		116D5465205F93D9001841AA /* CocoaLumberjack */ = {
			isa = PBXGroup;
			children = (
				116D5466205F93D9001841AA /* DDTTYLogger.m */,
				116D5467205F93D9001841AA /* DDLog.h */,
				116D5468205F93D9001841AA /* DDAbstractDatabaseLogger.h */,
				116D5469205F93D9001841AA /* DDASLLogger.m */,
				116D546A205F93D9001841AA /* DDFileLogger.h */,
				116D546B205F93D9001841AA /* Extensions */,
				116D5471205F93D9001841AA /* DDLog.m */,
				116D5472205F93D9001841AA /* About.txt */,
				116D5473205F93D9001841AA /* DDTTYLogger.h */,
				116D5474205F93D9001841AA /* DDAbstractDatabaseLogger.m */,
				116D5475205F93D9001841AA /* DDFileLogger.m */,
				116D5476205F93D9001841AA /* DDASLLogger.h */,
			);
			path = CocoaLumberjack;
			sourceTree = "<group>";
		};
		116D546B205F93D9001841AA /* Extensions */ = {
			isa = PBXGroup;
			children = (
				116D546C205F93D9001841AA /* ContextFilterLogFormatter.h */,
				116D546D205F93D9001841AA /* DispatchQueueLogFormatter.h */,
				116D546E205F93D9001841AA /* ContextFilterLogFormatter.m */,
				116D546F205F93D9001841AA /* DispatchQueueLogFormatter.m */,
				116D5470205F93D9001841AA /* README.txt */,
			);
			path = Extensions;
			sourceTree = "<group>";
		};
		116D5486205F94EF001841AA /* ViewController */ = {
			isa = PBXGroup;
			children = (
				116D53F5205F927F001841AA /* ViewController.h */,
				116D53F6205F927F001841AA /* ViewController.m */,
			);
			path = ViewController;
			sourceTree = "<group>";
		};
		116D5487205F94FC001841AA /* Model */ = {
			isa = PBXGroup;
			children = (
			);
			path = Model;
			sourceTree = "<group>";
		};
		116D5488205F9502001841AA /* View */ = {
			isa = PBXGroup;
			children = (
			);
			path = View;
			sourceTree = "<group>";
		};
		116D548C205FA28E001841AA /* Supporting Files */ = {
			isa = PBXGroup;
			children = (
				116D53F8205F927F001841AA /* Main.storyboard */,
				116D53FB205F927F001841AA /* Assets.xcassets */,
				116D53FD205F927F001841AA /* LaunchScreen.storyboard */,
				116D5400205F927F001841AA /* Info.plist */,
				116D5401205F927F001841AA /* main.m */,
			);
			path = "Supporting Files";
			sourceTree = "<group>";
		};
/* End PBXGroup section */

/* Begin PBXNativeTarget section */
		116D53EE205F927F001841AA /* xxPlayer */ = {
			isa = PBXNativeTarget;
			buildConfigurationList = 116D541B205F927F001841AA /* Build configuration list for PBXNativeTarget "xxPlayer" */;
			buildPhases = (
				116D53EB205F927F001841AA /* Sources */,
				116D53EC205F927F001841AA /* Frameworks */,
				116D53ED205F927F001841AA /* Resources */,
			);
			buildRules = (
			);
			dependencies = (
			);
			name = xxPlayer;
			productName = xxPlayer;
			productReference = 116D53EF205F927F001841AA /* xxPlayer.app */;
			productType = "com.apple.product-type.application";
		};
		116D5406205F927F001841AA /* xxPlayerTests */ = {
			isa = PBXNativeTarget;
			buildConfigurationList = 116D541E205F927F001841AA /* Build configuration list for PBXNativeTarget "xxPlayerTests" */;
			buildPhases = (
				116D5403205F927F001841AA /* Sources */,
				116D5404205F927F001841AA /* Frameworks */,
				116D5405205F927F001841AA /* Resources */,
			);
			buildRules = (
			);
			dependencies = (
				116D5409205F927F001841AA /* PBXTargetDependency */,
			);
			name = xxPlayerTests;
			productName = xxPlayerTests;
			productReference = 116D5407205F927F001841AA /* xxPlayerTests.xctest */;
			productType = "com.apple.product-type.bundle.unit-test";
		};
		116D5411205F927F001841AA /* xxPlayerUITests */ = {
			isa = PBXNativeTarget;
			buildConfigurationList = 116D5421205F927F001841AA /* Build configuration list for PBXNativeTarget "xxPlayerUITests" */;
			buildPhases = (
				116D540E205F927F001841AA /* Sources */,
				116D540F205F927F001841AA /* Frameworks */,
				116D5410205F927F001841AA /* Resources */,
			);
			buildRules = (
			);
			dependencies = (
				116D5414205F927F001841AA /* PBXTargetDependency */,
			);
			name = xxPlayerUITests;
			productName = xxPlayerUITests;
			productReference = 116D5412205F927F001841AA /* xxPlayerUITests.xctest */;
			productType = "com.apple.product-type.bundle.ui-testing";
		};
/* End PBXNativeTarget section */

/* Begin PBXProject section */
		116D53E7205F927F001841AA /* Project object */ = {
			isa = PBXProject;
			attributes = {
				LastUpgradeCheck = 0920;
				ORGANIZATIONNAME = jeikerxiao;
				TargetAttributes = {
					116D53EE205F927F001841AA = {
						CreatedOnToolsVersion = 9.2;
						ProvisioningStyle = Manual;
					};
					116D5406205F927F001841AA = {
						CreatedOnToolsVersion = 9.2;
						ProvisioningStyle = Automatic;
						TestTargetID = 116D53EE205F927F001841AA;
					};
					116D5411205F927F001841AA = {
						CreatedOnToolsVersion = 9.2;
						ProvisioningStyle = Automatic;
						TestTargetID = 116D53EE205F927F001841AA;
					};
				};
			};
			buildConfigurationList = 116D53EA205F927F001841AA /* Build configuration list for PBXProject "xxPlayer" */;
			compatibilityVersion = "Xcode 8.0";
			developmentRegion = en;
			hasScannedForEncodings = 0;
			knownRegions = (
				en,
				Base,
			);
			mainGroup = 116D53E6205F927F001841AA;
			productRefGroup = 116D53F0205F927F001841AA /* Products */;
			projectDirPath = "";
			projectRoot = "";
			targets = (
				116D53EE205F927F001841AA /* xxPlayer */,
				116D5406205F927F001841AA /* xxPlayerTests */,
				116D5411205F927F001841AA /* xxPlayerUITests */,
			);
		};
/* End PBXProject section */

/* Begin PBXResourcesBuildPhase section */
		116D53ED205F927F001841AA /* Resources */ = {
			isa = PBXResourcesBuildPhase;
			buildActionMask = 2147483647;
			files = (
				116D547F205F93D9001841AA /* About.txt in Resources */,
				116D53FF205F927F001841AA /* LaunchScreen.storyboard in Resources */,
				116D53FC205F927F001841AA /* Assets.xcassets in Resources */,
				116D548E205FA76F001841AA /* web in Resources */,
				116D5478205F93D9001841AA /* About.txt in Resources */,
				116D53FA205F927F001841AA /* Main.storyboard in Resources */,
				116D547D205F93D9001841AA /* README.txt in Resources */,
			);
			runOnlyForDeploymentPostprocessing = 0;
		};
		116D5405205F927F001841AA /* Resources */ = {
			isa = PBXResourcesBuildPhase;
			buildActionMask = 2147483647;
			files = (
			);
			runOnlyForDeploymentPostprocessing = 0;
		};
		116D5410205F927F001841AA /* Resources */ = {
			isa = PBXResourcesBuildPhase;
			buildActionMask = 2147483647;
			files = (
			);
			runOnlyForDeploymentPostprocessing = 0;
		};
/* End PBXResourcesBuildPhase section */

/* Begin PBXSourcesBuildPhase section */
		116D53EB205F927F001841AA /* Sources */ = {
			isa = PBXSourcesBuildPhase;
			buildActionMask = 2147483647;
			files = (
				116D53F7205F927F001841AA /* ViewController.m in Sources */,
				116D5454205F93CA001841AA /* MultipartFormDataParser.m in Sources */,
				116D545B205F93CA001841AA /* HTTPDynamicFileResponse.m in Sources */,
				116D5453205F93CA001841AA /* MultipartMessageHeaderField.m in Sources */,
				116D545D205F93CA001841AA /* HTTPAsyncFileResponse.m in Sources */,
				116D5480205F93D9001841AA /* DDAbstractDatabaseLogger.m in Sources */,
				116D547C205F93D9001841AA /* DispatchQueueLogFormatter.m in Sources */,
				116D5402205F927F001841AA /* main.m in Sources */,
				116D547A205F93D9001841AA /* DDASLLogger.m in Sources */,
				116D5459205F93CA001841AA /* HTTPErrorResponse.m in Sources */,
				116D5451205F93CA001841AA /* HTTPMessage.m in Sources */,
				116D545F205F93CA001841AA /* HTTPServer.m in Sources */,
				116D545E205F93CA001841AA /* HTTPRedirectResponse.m in Sources */,
				116D53F4205F927F001841AA /* AppDelegate.m in Sources */,
				116D5455205F93CA001841AA /* MultipartMessageHeader.m in Sources */,
				116D5477205F93D9001841AA /* GCDAsyncSocket.m in Sources */,
				116D5457205F93CA001841AA /* DDData.m in Sources */,
				116D5481205F93D9001841AA /* DDFileLogger.m in Sources */,
				116D5450205F93CA001841AA /* HTTPConnection.m in Sources */,
				116D5479205F93D9001841AA /* DDTTYLogger.m in Sources */,
				116D5458205F93CA001841AA /* DDRange.m in Sources */,
				116D5460205F93CA001841AA /* HTTPAuthenticationRequest.m in Sources */,
				116D547E205F93D9001841AA /* DDLog.m in Sources */,
				116D545C205F93CA001841AA /* HTTPFileResponse.m in Sources */,
				116D5456205F93CA001841AA /* DDNumber.m in Sources */,
				116D545A205F93CA001841AA /* HTTPDataResponse.m in Sources */,
				116D5452205F93CA001841AA /* WebSocket.m in Sources */,
				116D547B205F93D9001841AA /* ContextFilterLogFormatter.m in Sources */,
				116D548B205F996F001841AA /* MyHttpServer.m in Sources */,
			);
			runOnlyForDeploymentPostprocessing = 0;
		};
		116D5403205F927F001841AA /* Sources */ = {
			isa = PBXSourcesBuildPhase;
			buildActionMask = 2147483647;
			files = (
				116D540C205F927F001841AA /* xxPlayerTests.m in Sources */,
			);
			runOnlyForDeploymentPostprocessing = 0;
		};
		116D540E205F927F001841AA /* Sources */ = {
			isa = PBXSourcesBuildPhase;
			buildActionMask = 2147483647;
			files = (
				116D5417205F927F001841AA /* xxPlayerUITests.m in Sources */,
			);
			runOnlyForDeploymentPostprocessing = 0;
		};
/* End PBXSourcesBuildPhase section */

/* Begin PBXTargetDependency section */
		116D5409205F927F001841AA /* PBXTargetDependency */ = {
			isa = PBXTargetDependency;
			target = 116D53EE205F927F001841AA /* xxPlayer */;
			targetProxy = 116D5408205F927F001841AA /* PBXContainerItemProxy */;
		};
		116D5414205F927F001841AA /* PBXTargetDependency */ = {
			isa = PBXTargetDependency;
			target = 116D53EE205F927F001841AA /* xxPlayer */;
			targetProxy = 116D5413205F927F001841AA /* PBXContainerItemProxy */;
		};
/* End PBXTargetDependency section */

/* Begin PBXVariantGroup section */
		116D53F8205F927F001841AA /* Main.storyboard */ = {
			isa = PBXVariantGroup;
			children = (
				116D53F9205F927F001841AA /* Base */,
			);
			name = Main.storyboard;
			sourceTree = "<group>";
		};
		116D53FD205F927F001841AA /* LaunchScreen.storyboard */ = {
			isa = PBXVariantGroup;
			children = (
				116D53FE205F927F001841AA /* Base */,
			);
			name = LaunchScreen.storyboard;
			sourceTree = "<group>";
		};
/* End PBXVariantGroup section */

/* Begin XCBuildConfiguration section */
		116D5419205F927F001841AA /* Debug */ = {
			isa = XCBuildConfiguration;
			buildSettings = {
				ALWAYS_SEARCH_USER_PATHS = NO;
				CLANG_ANALYZER_NONNULL = YES;
				CLANG_ANALYZER_NUMBER_OBJECT_CONVERSION = YES_AGGRESSIVE;
				CLANG_CXX_LANGUAGE_STANDARD = "gnu++14";
				CLANG_CXX_LIBRARY = "libc++";
				CLANG_ENABLE_MODULES = YES;
				CLANG_ENABLE_OBJC_ARC = YES;
				CLANG_WARN_BLOCK_CAPTURE_AUTORELEASING = YES;
				CLANG_WARN_BOOL_CONVERSION = YES;
				CLANG_WARN_COMMA = YES;
				CLANG_WARN_CONSTANT_CONVERSION = YES;
				CLANG_WARN_DIRECT_OBJC_ISA_USAGE = YES_ERROR;
				CLANG_WARN_DOCUMENTATION_COMMENTS = YES;
				CLANG_WARN_EMPTY_BODY = YES;
				CLANG_WARN_ENUM_CONVERSION = YES;
				CLANG_WARN_INFINITE_RECURSION = YES;
				CLANG_WARN_INT_CONVERSION = YES;
				CLANG_WARN_NON_LITERAL_NULL_CONVERSION = YES;
				CLANG_WARN_OBJC_LITERAL_CONVERSION = YES;
				CLANG_WARN_OBJC_ROOT_CLASS = YES_ERROR;
				CLANG_WARN_RANGE_LOOP_ANALYSIS = YES;
				CLANG_WARN_STRICT_PROTOTYPES = YES;
				CLANG_WARN_SUSPICIOUS_MOVE = YES;
				CLANG_WARN_UNGUARDED_AVAILABILITY = YES_AGGRESSIVE;
				CLANG_WARN_UNREACHABLE_CODE = YES;
				CLANG_WARN__DUPLICATE_METHOD_MATCH = YES;
				CODE_SIGN_IDENTITY = "iPhone Developer";
				COPY_PHASE_STRIP = NO;
				DEBUG_INFORMATION_FORMAT = dwarf;
				ENABLE_STRICT_OBJC_MSGSEND = YES;
				ENABLE_TESTABILITY = YES;
				GCC_C_LANGUAGE_STANDARD = gnu11;
				GCC_DYNAMIC_NO_PIC = NO;
				GCC_NO_COMMON_BLOCKS = YES;
				GCC_OPTIMIZATION_LEVEL = 0;
				GCC_PREPROCESSOR_DEFINITIONS = (
					"DEBUG=1",
					"$(inherited)",
				);
				GCC_WARN_64_TO_32_BIT_CONVERSION = YES;
				GCC_WARN_ABOUT_RETURN_TYPE = YES_ERROR;
				GCC_WARN_UNDECLARED_SELECTOR = YES;
				GCC_WARN_UNINITIALIZED_AUTOS = YES_AGGRESSIVE;
				GCC_WARN_UNUSED_FUNCTION = YES;
				GCC_WARN_UNUSED_VARIABLE = YES;
				IPHONEOS_DEPLOYMENT_TARGET = 11.2;
				MTL_ENABLE_DEBUG_INFO = YES;
				ONLY_ACTIVE_ARCH = YES;
				SDKROOT = iphoneos;
			};
			name = Debug;
		};
		116D541A205F927F001841AA /* Release */ = {
			isa = XCBuildConfiguration;
			buildSettings = {
				ALWAYS_SEARCH_USER_PATHS = NO;
				CLANG_ANALYZER_NONNULL = YES;
				CLANG_ANALYZER_NUMBER_OBJECT_CONVERSION = YES_AGGRESSIVE;
				CLANG_CXX_LANGUAGE_STANDARD = "gnu++14";
				CLANG_CXX_LIBRARY = "libc++";
				CLANG_ENABLE_MODULES = YES;
				CLANG_ENABLE_OBJC_ARC = YES;
				CLANG_WARN_BLOCK_CAPTURE_AUTORELEASING = YES;
				CLANG_WARN_BOOL_CONVERSION = YES;
				CLANG_WARN_COMMA = YES;
				CLANG_WARN_CONSTANT_CONVERSION = YES;
				CLANG_WARN_DIRECT_OBJC_ISA_USAGE = YES_ERROR;
				CLANG_WARN_DOCUMENTATION_COMMENTS = YES;
				CLANG_WARN_EMPTY_BODY = YES;
				CLANG_WARN_ENUM_CONVERSION = YES;
				CLANG_WARN_INFINITE_RECURSION = YES;
				CLANG_WARN_INT_CONVERSION = YES;
				CLANG_WARN_NON_LITERAL_NULL_CONVERSION = YES;
				CLANG_WARN_OBJC_LITERAL_CONVERSION = YES;
				CLANG_WARN_OBJC_ROOT_CLASS = YES_ERROR;
				CLANG_WARN_RANGE_LOOP_ANALYSIS = YES;
				CLANG_WARN_STRICT_PROTOTYPES = YES;
				CLANG_WARN_SUSPICIOUS_MOVE = YES;
				CLANG_WARN_UNGUARDED_AVAILABILITY = YES_AGGRESSIVE;
				CLANG_WARN_UNREACHABLE_CODE = YES;
				CLANG_WARN__DUPLICATE_METHOD_MATCH = YES;
				CODE_SIGN_IDENTITY = "iPhone Developer";
				COPY_PHASE_STRIP = NO;
				DEBUG_INFORMATION_FORMAT = "dwarf-with-dsym";
				ENABLE_NS_ASSERTIONS = NO;
				ENABLE_STRICT_OBJC_MSGSEND = YES;
				GCC_C_LANGUAGE_STANDARD = gnu11;
				GCC_NO_COMMON_BLOCKS = YES;
				GCC_WARN_64_TO_32_BIT_CONVERSION = YES;
				GCC_WARN_ABOUT_RETURN_TYPE = YES_ERROR;
				GCC_WARN_UNDECLARED_SELECTOR = YES;
				GCC_WARN_UNINITIALIZED_AUTOS = YES_AGGRESSIVE;
				GCC_WARN_UNUSED_FUNCTION = YES;
				GCC_WARN_UNUSED_VARIABLE = YES;
				IPHONEOS_DEPLOYMENT_TARGET = 11.2;
				MTL_ENABLE_DEBUG_INFO = NO;
				SDKROOT = iphoneos;
				VALIDATE_PRODUCT = YES;
			};
			name = Release;
		};
		116D541C205F927F001841AA /* Debug */ = {
			isa = XCBuildConfiguration;
			buildSettings = {
				ASSETCATALOG_COMPILER_APPICON_NAME = AppIcon;
				CODE_SIGN_STYLE = Manual;
				DEVELOPMENT_TEAM = 42RLUT39J9;
				INFOPLIST_FILE = "xxPlayer/Supporting Files/Info.plist";
				IPHONEOS_DEPLOYMENT_TARGET = 9.0;
				LD_RUNPATH_SEARCH_PATHS = "$(inherited) @executable_path/Frameworks";
				PRODUCT_BUNDLE_IDENTIFIER = com.sinocare.xxPlayer;
				PRODUCT_NAME = "$(TARGET_NAME)";
				PROVISIONING_PROFILE = "d1a0f55d-67c3-4e74-bbb5-8ada2fa7a31d";
				PROVISIONING_PROFILE_SPECIFIER = "jeikerxiao Profile Test";
				TARGETED_DEVICE_FAMILY = "1,2";
			};
			name = Debug;
		};
		116D541D205F927F001841AA /* Release */ = {
			isa = XCBuildConfiguration;
			buildSettings = {
				ASSETCATALOG_COMPILER_APPICON_NAME = AppIcon;
				CODE_SIGN_STYLE = Manual;
				DEVELOPMENT_TEAM = 42RLUT39J9;
				INFOPLIST_FILE = "xxPlayer/Supporting Files/Info.plist";
				IPHONEOS_DEPLOYMENT_TARGET = 9.0;
				LD_RUNPATH_SEARCH_PATHS = "$(inherited) @executable_path/Frameworks";
				PRODUCT_BUNDLE_IDENTIFIER = com.sinocare.xxPlayer;
				PRODUCT_NAME = "$(TARGET_NAME)";
				PROVISIONING_PROFILE = "d1a0f55d-67c3-4e74-bbb5-8ada2fa7a31d";
				PROVISIONING_PROFILE_SPECIFIER = "jeikerxiao Profile Test";
				TARGETED_DEVICE_FAMILY = "1,2";
			};
			name = Release;
		};
		116D541F205F927F001841AA /* Debug */ = {
			isa = XCBuildConfiguration;
			buildSettings = {
				BUNDLE_LOADER = "$(TEST_HOST)";
				CODE_SIGN_STYLE = Automatic;
				DEVELOPMENT_TEAM = ZZQ7W6RY9K;
				INFOPLIST_FILE = xxPlayerTests/Info.plist;
				LD_RUNPATH_SEARCH_PATHS = "$(inherited) @executable_path/Frameworks @loader_path/Frameworks";
				PRODUCT_BUNDLE_IDENTIFIER = com.sinocare.xxPlayerTests;
				PRODUCT_NAME = "$(TARGET_NAME)";
				TARGETED_DEVICE_FAMILY = "1,2";
				TEST_HOST = "$(BUILT_PRODUCTS_DIR)/xxPlayer.app/xxPlayer";
			};
			name = Debug;
		};
		116D5420205F927F001841AA /* Release */ = {
			isa = XCBuildConfiguration;
			buildSettings = {
				BUNDLE_LOADER = "$(TEST_HOST)";
				CODE_SIGN_STYLE = Automatic;
				DEVELOPMENT_TEAM = ZZQ7W6RY9K;
				INFOPLIST_FILE = xxPlayerTests/Info.plist;
				LD_RUNPATH_SEARCH_PATHS = "$(inherited) @executable_path/Frameworks @loader_path/Frameworks";
				PRODUCT_BUNDLE_IDENTIFIER = com.sinocare.xxPlayerTests;
				PRODUCT_NAME = "$(TARGET_NAME)";
				TARGETED_DEVICE_FAMILY = "1,2";
				TEST_HOST = "$(BUILT_PRODUCTS_DIR)/xxPlayer.app/xxPlayer";
			};
			name = Release;
		};
		116D5422205F927F001841AA /* Debug */ = {
			isa = XCBuildConfiguration;
			buildSettings = {
				CODE_SIGN_STYLE = Automatic;
				DEVELOPMENT_TEAM = ZZQ7W6RY9K;
				INFOPLIST_FILE = xxPlayerUITests/Info.plist;
				LD_RUNPATH_SEARCH_PATHS = "$(inherited) @executable_path/Frameworks @loader_path/Frameworks";
				PRODUCT_BUNDLE_IDENTIFIER = com.sinocare.xxPlayerUITests;
				PRODUCT_NAME = "$(TARGET_NAME)";
				TARGETED_DEVICE_FAMILY = "1,2";
				TEST_TARGET_NAME = xxPlayer;
			};
			name = Debug;
		};
		116D5423205F927F001841AA /* Release */ = {
			isa = XCBuildConfiguration;
			buildSettings = {
				CODE_SIGN_STYLE = Automatic;
				DEVELOPMENT_TEAM = ZZQ7W6RY9K;
				INFOPLIST_FILE = xxPlayerUITests/Info.plist;
				LD_RUNPATH_SEARCH_PATHS = "$(inherited) @executable_path/Frameworks @loader_path/Frameworks";
				PRODUCT_BUNDLE_IDENTIFIER = com.sinocare.xxPlayerUITests;
				PRODUCT_NAME = "$(TARGET_NAME)";
				TARGETED_DEVICE_FAMILY = "1,2";
				TEST_TARGET_NAME = xxPlayer;
			};
			name = Release;
		};
/* End XCBuildConfiguration section */

/* Begin XCConfigurationList section */
		116D53EA205F927F001841AA /* Build configuration list for PBXProject "xxPlayer" */ = {
			isa = XCConfigurationList;
			buildConfigurations = (
				116D5419205F927F001841AA /* Debug */,
				116D541A205F927F001841AA /* Release */,
			);
			defaultConfigurationIsVisible = 0;
			defaultConfigurationName = Release;
		};
		116D541B205F927F001841AA /* Build configuration list for PBXNativeTarget "xxPlayer" */ = {
			isa = XCConfigurationList;
			buildConfigurations = (
				116D541C205F927F001841AA /* Debug */,
				116D541D205F927F001841AA /* Release */,
			);
			defaultConfigurationIsVisible = 0;
			defaultConfigurationName = Release;
		};
		116D541E205F927F001841AA /* Build configuration list for PBXNativeTarget "xxPlayerTests" */ = {
			isa = XCConfigurationList;
			buildConfigurations = (
				116D541F205F927F001841AA /* Debug */,
				116D5420205F927F001841AA /* Release */,
			);
			defaultConfigurationIsVisible = 0;
			defaultConfigurationName = Release;
		};
		116D5421205F927F001841AA /* Build configuration list for PBXNativeTarget "xxPlayerUITests" */ = {
			isa = XCConfigurationList;
			buildConfigurations = (
				116D5422205F927F001841AA /* Debug */,
				116D5423205F927F001841AA /* Release */,
			);
			defaultConfigurationIsVisible = 0;
			defaultConfigurationName = Release;
		};
/* End XCConfigurationList section */
	};
	rootObject = 116D53E7205F927F001841AA /* Project object */;
}
